// !$*UTF8*$!
{
	archiveVersion = 1;
	classes = {
	};
	objectVersion = 48;
	objects = {

/* Begin PBXBuildFile section */
		5A99268D1FBBD46300662D97 /* AppDelegate.swift in Sources */ = {isa = PBXBuildFile; fileRef = 5A99268C1FBBD46300662D97 /* AppDelegate.swift */; };
		5A99268F1FBBD46300662D97 /* ViewController.swift in Sources */ = {isa = PBXBuildFile; fileRef = 5A99268E1FBBD46300662D97 /* ViewController.swift */; };
		5A9926921FBBD46300662D97 /* Main.storyboard in Resources */ = {isa = PBXBuildFile; fileRef = 5A9926901FBBD46300662D97 /* Main.storyboard */; };
		5A9926941FBBD46300662D97 /* Assets.xcassets in Resources */ = {isa = PBXBuildFile; fileRef = 5A9926931FBBD46300662D97 /* Assets.xcassets */; };
		5A9926971FBBD46300662D97 /* LaunchScreen.storyboard in Resources */ = {isa = PBXBuildFile; fileRef = 5A9926951FBBD46300662D97 /* LaunchScreen.storyboard */; };
/* End PBXBuildFile section */

/* Begin PBXContainerItemProxy section */
		5A99269E1FBBD46300662D97 /* PBXContainerItemProxy */ = {
			isa = PBXContainerItemProxy;
			containerPortal = 5A9926811FBBD46300662D97 /* Project object */;
			proxyType = 1;
			remoteGlobalIDString = 5A9926881FBBD46300662D97;
			remoteInfo = newHobbies;
		};
/* End PBXContainerItemProxy section */

/* Begin PBXFileReference section */
		5A9926891FBBD46300662D97 /* newHobbies.app */ = {isa = PBXFileReference; explicitFileType = wrapper.application; includeInIndex = 0; path = newHobbies.app; sourceTree = BUILT_PRODUCTS_DIR; };
		5A99268C1FBBD46300662D97 /* AppDelegate.swift */ = {isa = PBXFileReference; lastKnownFileType = sourcecode.swift; path = AppDelegate.swift; sourceTree = "<group>"; };
		5A99268E1FBBD46300662D97 /* ViewController.swift */ = {isa = PBXFileReference; lastKnownFileType = sourcecode.swift; path = ViewController.swift; sourceTree = "<group>"; };
		5A9926911FBBD46300662D97 /* Base */ = {isa = PBXFileReference; lastKnownFileType = file.storyboard; name = Base; path = Base.lproj/Main.storyboard; sourceTree = "<group>"; };
		5A9926931FBBD46300662D97 /* Assets.xcassets */ = {isa = PBXFileReference; lastKnownFileType = folder.assetcatalog; path = Assets.xcassets; sourceTree = "<group>"; };
		5A9926961FBBD46300662D97 /* Base */ = {isa = PBXFileReference; lastKnownFileType = file.storyboard; name = Base; path = Base.lproj/LaunchScreen.storyboard; sourceTree = "<group>"; };
		5A9926981FBBD46300662D97 /* Info.plist */ = {isa = PBXFileReference; lastKnownFileType = text.plist.xml; path = Info.plist; sourceTree = "<group>"; };
		5A99269D1FBBD46300662D97 /* newHobbiesTests.xctest */ = {isa = PBXFileReference; explicitFileType = wrapper.cfbundle; includeInIndex = 0; path = newHobbiesTests.xctest; sourceTree = BUILT_PRODUCTS_DIR; };
		5A9926A31FBBD46300662D97 /* Info.plist */ = {isa = PBXFileReference; lastKnownFileType = text.plist.xml; path = Info.plist; sourceTree = "<group>"; };
/* End PBXFileReference section */

/* Begin PBXFrameworksBuildPhase section */
		5A9926861FBBD46300662D97 /* Frameworks */ = {
			isa = PBXFrameworksBuildPhase;
			buildActionMask = 2147483647;
			files = (
			);
			runOnlyForDeploymentPostprocessing = 0;
		};
		5A99269A1FBBD46300662D97 /* Frameworks */ = {
			isa = PBXFrameworksBuildPhase;
			buildActionMask = 2147483647;
			files = (
			);
			runOnlyForDeploymentPostprocessing = 0;
		};
/* End PBXFrameworksBuildPhase section */

/* Begin PBXGroup section */
		5A9926801FBBD46300662D97 = {
			isa = PBXGroup;
			children = (
				5A99268B1FBBD46300662D97 /* newHobbies */,
				5A9926A01FBBD46300662D97 /* newHobbiesTests */,
				5A99268A1FBBD46300662D97 /* Products */,
			);
			sourceTree = "<group>";
		};
		5A99268A1FBBD46300662D97 /* Products */ = {
			isa = PBXGroup;
			children = (
				5A9926891FBBD46300662D97 /* newHobbies.app */,
				5A99269D1FBBD46300662D97 /* newHobbiesTests.xctest */,
			);
			name = Products;
			sourceTree = "<group>";
		};
		5A99268B1FBBD46300662D97 /* newHobbies */ = {
			isa = PBXGroup;
			children = (
				5A99268C1FBBD46300662D97 /* AppDelegate.swift */,
				5A99268E1FBBD46300662D97 /* ViewController.swift */,
				5A9926901FBBD46300662D97 /* Main.storyboard */,
				5A9926931FBBD46300662D97 /* Assets.xcassets */,
				5A9926951FBBD46300662D97 /* LaunchScreen.storyboard */,
				5A9926981FBBD46300662D97 /* Info.plist */,
			);
			path = newHobbies;
			sourceTree = "<group>";
		};
		5A9926A01FBBD46300662D97 /* newHobbiesTests */ = {
			isa = PBXGroup;
			children = (
				5A9926A31FBBD46300662D97 /* Info.plist */,
			);
			path = newHobbiesTests;
			sourceTree = "<group>";
		};
/* End PBXGroup section */

/* Begin PBXNativeTarget section */
		5A9926881FBBD46300662D97 /* newHobbies */ = {
			isa = PBXNativeTarget;
			buildConfigurationList = 5A9926A61FBBD46300662D97 /* Build configuration list for PBXNativeTarget "newHobbies" */;
			buildPhases = (
				5A9926851FBBD46300662D97 /* Sources */,
				5A9926861FBBD46300662D97 /* Frameworks */,
				5A9926871FBBD46300662D97 /* Resources */,
			);
			buildRules = (
			);
			dependencies = (
			);
			name = newHobbies;
			productName = newHobbies;
			productReference = 5A9926891FBBD46300662D97 /* newHobbies.app */;
			productType = "com.apple.product-type.application";
		};
		5A99269C1FBBD46300662D97 /* newHobbiesTests */ = {
			isa = PBXNativeTarget;
			buildConfigurationList = 5A9926A91FBBD46300662D97 /* Build configuration list for PBXNativeTarget "newHobbiesTests" */;
			buildPhases = (
				5A9926991FBBD46300662D97 /* Sources */,
				5A99269A1FBBD46300662D97 /* Frameworks */,
				5A99269B1FBBD46300662D97 /* Resources */,
			);
			buildRules = (
			);
			dependencies = (
				5A99269F1FBBD46300662D97 /* PBXTargetDependency */,
			);
			name = newHobbiesTests;
			productName = newHobbiesTests;
			productReference = 5A99269D1FBBD46300662D97 /* newHobbiesTests.xctest */;
			productType = "com.apple.product-type.bundle.unit-test";
		};
/* End PBXNativeTarget section */

/* Begin PBXProject section */
		5A9926811FBBD46300662D97 /* Project object */ = {
			isa = PBXProject;
			attributes = {
				LastSwiftUpdateCheck = 0910;
				LastUpgradeCheck = 0930;
				ORGANIZATIONNAME = Surjective;
				TargetAttributes = {
					5A9926881FBBD46300662D97 = {
						CreatedOnToolsVersion = 9.1;
						ProvisioningStyle = Automatic;
					};
					5A99269C1FBBD46300662D97 = {
						CreatedOnToolsVersion = 9.1;
						ProvisioningStyle = Automatic;
						TestTargetID = 5A9926881FBBD46300662D97;
					};
				};
			};
			buildConfigurationList = 5A9926841FBBD46300662D97 /* Build configuration list for PBXProject "newHobbies" */;
			compatibilityVersion = "Xcode 8.0";
			developmentRegion = en;
			hasScannedForEncodings = 0;
			knownRegions = (
				en,
				Base,
			);
			mainGroup = 5A9926801FBBD46300662D97;
			productRefGroup = 5A99268A1FBBD46300662D97 /* Products */;
			projectDirPath = "";
			projectRoot = "";
			targets = (
				5A9926881FBBD46300662D97 /* newHobbies */,
				5A99269C1FBBD46300662D97 /* newHobbiesTests */,
			);
		};
/* End PBXProject section */

/* Begin PBXResourcesBuildPhase section */
		5A9926871FBBD46300662D97 /* Resources */ = {
			isa = PBXResourcesBuildPhase;
			buildActionMask = 2147483647;
			files = (
				5A9926971FBBD46300662D97 /* LaunchScreen.storyboard in Resources */,
				5A9926941FBBD46300662D97 /* Assets.xcassets in Resources */,
				5A9926921FBBD46300662D97 /* Main.storyboard in Resources */,
			);
			runOnlyForDeploymentPostprocessing = 0;
		};
		5A99269B1FBBD46300662D97 /* Resources */ = {
			isa = PBXResourcesBuildPhase;
			buildActionMask = 2147483647;
			files = (
			);
			runOnlyForDeploymentPostprocessing = 0;
		};
/* End PBXResourcesBuildPhase section */

/* Begin PBXSourcesBuildPhase section */
		5A9926851FBBD46300662D97 /* Sources */ = {
			isa = PBXSourcesBuildPhase;
			buildActionMask = 2147483647;
			files = (
				5A99268F1FBBD46300662D97 /* ViewController.swift in Sources */,
				5A99268D1FBBD46300662D97 /* AppDelegate.swift in Sources */,
			);
			runOnlyForDeploymentPostprocessing = 0;
		};
		5A9926991FBBD46300662D97 /* Sources */ = {
			isa = PBXSourcesBuildPhase;
			buildActionMask = 2147483647;
			files = (
			);
			runOnlyForDeploymentPostprocessing = 0;
		};
/* End PBXSourcesBuildPhase section */

/* Begin PBXTargetDependency section */
		5A99269F1FBBD46300662D97 /* PBXTargetDependency */ = {
			isa = PBXTargetDependency;
			target = 5A9926881FBBD46300662D97 /* newHobbies */;
			targetProxy = 5A99269E1FBBD46300662D97 /* PBXContainerItemProxy */;
		};
/* End PBXTargetDependency section */

/* Begin PBXVariantGroup section */
		5A9926901FBBD46300662D97 /* Main.storyboard */ = {
			isa = PBXVariantGroup;
			children = (
				5A9926911FBBD46300662D97 /* Base */,
			);
			name = Main.storyboard;
			sourceTree = "<group>";
		};
		5A9926951FBBD46300662D97 /* LaunchScreen.storyboard */ = {
			isa = PBXVariantGroup;
			children = (
				5A9926961FBBD46300662D97 /* Base */,
			);
			name = LaunchScreen.storyboard;
			sourceTree = "<group>";
		};
/* End PBXVariantGroup section */

/* Begin XCBuildConfiguration section */
		5A9926A41FBBD46300662D97 /* Debug */ = {
			isa = XCBuildConfiguration;
			buildSettings = {
				ALWAYS_SEARCH_USER_PATHS = NO;
				CLANG_ANALYZER_NONNULL = YES;
				CLANG_ANALYZER_NUMBER_OBJECT_CONVERSION = YES_AGGRESSIVE;
				CLANG_CXX_LANGUAGE_STANDARD = "gnu++14";
				CLANG_CXX_LIBRARY = "libc++";
				CLANG_ENABLE_MODULES = YES;
				CLANG_ENABLE_OBJC_ARC = YES;
				CLANG_WARN_BLOCK_CAPTURE_AUTORELEASING = YES;
				CLANG_WARN_BOOL_CONVERSION = YES;
				CLANG_WARN_COMMA = YES;
				CLANG_WARN_CONSTANT_CONVERSION = YES;
				CLANG_WARN_DEPRECATED_OBJC_IMPLEMENTATIONS = YES;
				CLANG_WARN_DIRECT_OBJC_ISA_USAGE = YES_ERROR;
				CLANG_WARN_DOCUMENTATION_COMMENTS = YES;
				CLANG_WARN_EMPTY_BODY = YES;
				CLANG_WARN_ENUM_CONVERSION = YES;
				CLANG_WARN_INFINITE_RECURSION = YES;
				CLANG_WARN_INT_CONVERSION = YES;
				CLANG_WARN_NON_LITERAL_NULL_CONVERSION = YES;
				CLANG_WARN_OBJC_IMPLICIT_RETAIN_SELF = YES;
				CLANG_WARN_OBJC_LITERAL_CONVERSION = YES;
				CLANG_WARN_OBJC_ROOT_CLASS = YES_ERROR;
				CLANG_WARN_RANGE_LOOP_ANALYSIS = YES;
				CLANG_WARN_STRICT_PROTOTYPES = YES;
				CLANG_WARN_SUSPICIOUS_MOVE = YES;
				CLANG_WARN_UNGUARDED_AVAILABILITY = YES_AGGRESSIVE;
				CLANG_WARN_UNREACHABLE_CODE = YES;
				CLANG_WARN__DUPLICATE_METHOD_MATCH = YES;
				CODE_SIGN_IDENTITY = "iPhone Developer";
				COPY_PHASE_STRIP = NO;
				DEBUG_INFORMATION_FORMAT = dwarf;
				ENABLE_STRICT_OBJC_MSGSEND = YES;
				ENABLE_TESTABILITY = YES;
				GCC_C_LANGUAGE_STANDARD = gnu11;
				GCC_DYNAMIC_NO_PIC = NO;
				GCC_NO_COMMON_BLOCKS = YES;
				GCC_OPTIMIZATION_LEVEL = 0;
				GCC_PREPROCESSOR_DEFINITIONS = (
					"DEBUG=1",
					"$(inherited)",
				);
				GCC_WARN_64_TO_32_BIT_CONVERSION = YES;
				GCC_WARN_ABOUT_RETURN_TYPE = YES_ERROR;
				GCC_WARN_UNDECLARED_SELECTOR = YES;
				GCC_WARN_UNINITIALIZED_AUTOS = YES_AGGRESSIVE;
				GCC_WARN_UNUSED_FUNCTION = YES;
				GCC_WARN_UNUSED_VARIABLE = YES;
				IPHONEOS_DEPLOYMENT_TARGET = 11.1;
				MTL_ENABLE_DEBUG_INFO = YES;
				ONLY_ACTIVE_ARCH = YES;
				SDKROOT = iphoneos;
				SWIFT_ACTIVE_COMPILATION_CONDITIONS = DEBUG;
				SWIFT_OPTIMIZATION_LEVEL = "-Onone";
			};
			name = Debug;
		};
		5A9926A51FBBD46300662D97 /* Release */ = {
			isa = XCBuildConfiguration;
			buildSettings = {
				ALWAYS_SEARCH_USER_PATHS = NO;
				CLANG_ANALYZER_NONNULL = YES;
				CLANG_ANALYZER_NUMBER_OBJECT_CONVERSION = YES_AGGRESSIVE;
				CLANG_CXX_LANGUAGE_STANDARD = "gnu++14";
				CLANG_CXX_LIBRARY = "libc++";
				CLANG_ENABLE_MODULES = YES;
				CLANG_ENABLE_OBJC_ARC = YES;
				CLANG_WARN_BLOCK_CAPTURE_AUTORELEASING = YES;
				CLANG_WARN_BOOL_CONVERSION = YES;
				CLANG_WARN_COMMA = YES;
				CLANG_WARN_CONSTANT_CONVERSION = YES;
				CLANG_WARN_DEPRECATED_OBJC_IMPLEMENTATIONS = YES;
				CLANG_WARN_DIRECT_OBJC_ISA_USAGE = YES_ERROR;
				CLANG_WARN_DOCUMENTATION_COMMENTS = YES;
				CLANG_WARN_EMPTY_BODY = YES;
				CLANG_WARN_ENUM_CONVERSION = YES;
				CLANG_WARN_INFINITE_RECURSION = YES;
				CLANG_WARN_INT_CONVERSION = YES;
				CLANG_WARN_NON_LITERAL_NULL_CONVERSION = YES;
				CLANG_WARN_OBJC_IMPLICIT_RETAIN_SELF = YES;
				CLANG_WARN_OBJC_LITERAL_CONVERSION = YES;
				CLANG_WARN_OBJC_ROOT_CLASS = YES_ERROR;
				CLANG_WARN_RANGE_LOOP_ANALYSIS = YES;
				CLANG_WARN_STRICT_PROTOTYPES = YES;
				CLANG_WARN_SUSPICIOUS_MOVE = YES;
				CLANG_WARN_UNGUARDED_AVAILABILITY = YES_AGGRESSIVE;
				CLANG_WARN_UNREACHABLE_CODE = YES;
				CLANG_WARN__DUPLICATE_METHOD_MATCH = YES;
				CODE_SIGN_IDENTITY = "iPhone Developer";
				COPY_PHASE_STRIP = NO;
				DEBUG_INFORMATION_FORMAT = "dwarf-with-dsym";
				ENABLE_NS_ASSERTIONS = NO;
				ENABLE_STRICT_OBJC_MSGSEND = YES;
				GCC_C_LANGUAGE_STANDARD = gnu11;
				GCC_NO_COMMON_BLOCKS = YES;
				GCC_WARN_64_TO_32_BIT_CONVERSION = YES;
				GCC_WARN_ABOUT_RETURN_TYPE = YES_ERROR;
				GCC_WARN_UNDECLARED_SELECTOR = YES;
				GCC_WARN_UNINITIALIZED_AUTOS = YES_AGGRESSIVE;
				GCC_WARN_UNUSED_FUNCTION = YES;
				GCC_WARN_UNUSED_VARIABLE = YES;
				IPHONEOS_DEPLOYMENT_TARGET = 11.1;
				MTL_ENABLE_DEBUG_INFO = NO;
				SDKROOT = iphoneos;
				SWIFT_OPTIMIZATION_LEVEL = "-Owholemodule";
				VALIDATE_PRODUCT = YES;
			};
			name = Release;
		};
		5A9926A71FBBD46300662D97 /* Debug */ = {
			isa = XCBuildConfiguration;
			buildSettings = {
				ASSETCATALOG_COMPILER_APPICON_NAME = AppIcon;
				CODE_SIGN_STYLE = Automatic;
				DEVELOPMENT_TEAM = SL6K548N6T;
				INFOPLIST_FILE = newHobbies/Info.plist;
				LD_RUNPATH_SEARCH_PATHS = "$(inherited) @executable_path/Frameworks";
				PRODUCT_BUNDLE_IDENTIFIER = com.Surjective.newHobbies;
				PRODUCT_NAME = "$(TARGET_NAME)";
				SWIFT_VERSION = 4.0;
				TARGETED_DEVICE_FAMILY = "1,2";
			};
			name = Debug;
		};
		5A9926A81FBBD46300662D97 /* Release */ = {
			isa = XCBuildConfiguration;
			buildSettings = {
				ASSETCATALOG_COMPILER_APPICON_NAME = AppIcon;
				CODE_SIGN_STYLE = Automatic;
				DEVELOPMENT_TEAM = SL6K548N6T;
				INFOPLIST_FILE = newHobbies/Info.plist;
				LD_RUNPATH_SEARCH_PATHS = "$(inherited) @executable_path/Frameworks";
				PRODUCT_BUNDLE_IDENTIFIER = com.Surjective.newHobbies;
				PRODUCT_NAME = "$(TARGET_NAME)";
				SWIFT_VERSION = 4.0;
				TARGETED_DEVICE_FAMILY = "1,2";
			};
			name = Release;
		};
		5A9926AA1FBBD46300662D97 /* Debug */ = {
			isa = XCBuildConfiguration;
			buildSettings = {
				ALWAYS_EMBED_SWIFT_STANDARD_LIBRARIES = YES;
				BUNDLE_LOADER = "$(TEST_HOST)";
				CODE_SIGN_STYLE = Automatic;
				INFOPLIST_FILE = newHobbiesTests/Info.plist;
				LD_RUNPATH_SEARCH_PATHS = "$(inherited) @executable_path/Frameworks @loader_path/Frameworks";
				PRODUCT_BUNDLE_IDENTIFIER = com.Surjective.newHobbiesTests;
				PRODUCT_NAME = "$(TARGET_NAME)";
				SWIFT_VERSION = 4.0;
				TARGETED_DEVICE_FAMILY = "1,2";
				TEST_HOST = "$(BUILT_PRODUCTS_DIR)/newHobbies.app/newHobbies";
			};
			name = Debug;
		};
		5A9926AB1FBBD46300662D97 /* Release */ = {
			isa = XCBuildConfiguration;
			buildSettings = {
				ALWAYS_EMBED_SWIFT_STANDARD_LIBRARIES = YES;
				BUNDLE_LOADER = "$(TEST_HOST)";
				CODE_SIGN_STYLE = Automatic;
				INFOPLIST_FILE = newHobbiesTests/Info.plist;
				LD_RUNPATH_SEARCH_PATHS = "$(inherited) @executable_path/Frameworks @loader_path/Frameworks";
				PRODUCT_BUNDLE_IDENTIFIER = com.Surjective.newHobbiesTests;
				PRODUCT_NAME = "$(TARGET_NAME)";
				SWIFT_VERSION = 4.0;
				TARGETED_DEVICE_FAMILY = "1,2";
				TEST_HOST = "$(BUILT_PRODUCTS_DIR)/newHobbies.app/newHobbies";
			};
			name = Release;
		};
/* End XCBuildConfiguration section */

/* Begin XCConfigurationList section */
		5A9926841FBBD46300662D97 /* Build configuration list for PBXProject "newHobbies" */ = {
			isa = XCConfigurationList;
			buildConfigurations = (
				5A9926A41FBBD46300662D97 /* Debug */,
				5A9926A51FBBD46300662D97 /* Release */,
			);
			defaultConfigurationIsVisible = 0;
			defaultConfigurationName = Release;
		};
		5A9926A61FBBD46300662D97 /* Build configuration list for PBXNativeTarget "newHobbies" */ = {
			isa = XCConfigurationList;
			buildConfigurations = (
				5A9926A71FBBD46300662D97 /* Debug */,
				5A9926A81FBBD46300662D97 /* Release */,
			);
			defaultConfigurationIsVisible = 0;
			defaultConfigurationName = Release;
		};
		5A9926A91FBBD46300662D97 /* Build configuration list for PBXNativeTarget "newHobbiesTests" */ = {
			isa = XCConfigurationList;
			buildConfigurations = (
				5A9926AA1FBBD46300662D97 /* Debug */,
				5A9926AB1FBBD46300662D97 /* Release */,
			);
			defaultConfigurationIsVisible = 0;
			defaultConfigurationName = Release;
		};
/* End XCConfigurationList section */
	};
	rootObject = 5A9926811FBBD46300662D97 /* Project object */;
}
